
Microsoft Visual Studio Solution File, Format Version 12.00
# Visual Studio Version 17
VisualStudioVersion = 17.8.34322.80
MinimumVisualStudioVersion = 10.0.40219.1
Project("{9A19103F-16F7-4668-BE54-9A1E7A4F7556}") = "entrega_modulo6", "entrega-modulo-6\entrega_modulo6.csproj", "{923AA291-9AE7-4E0C-A818-C811CBE86299}"
EndProject
Global
	GlobalSection(SolutionConfigurationPlatforms) = preSolution
		Debug|Any CPU = Debug|Any CPU
		Release|Any CPU = Release|Any CPU
	EndGlobalSection
	GlobalSection(ProjectConfigurationPlatforms) = postSolution
		{923AA291-9AE7-4E0C-A818-C811CBE86299}.Debug|Any CPU.ActiveCfg = Debug|Any CPU
		{923AA291-9AE7-4E0C-A818-C811CBE86299}.Debug|Any CPU.Build.0 = Debug|Any CPU
		{923AA291-9AE7-4E0C-A818-C811CBE86299}.Release|Any CPU.ActiveCfg = Release|Any CPU
		{923AA291-9AE7-4E0C-A818-C811CBE86299}.Release|Any CPU.Build.0 = Release|Any CPU
	EndGlobalSection
	GlobalSection(SolutionProperties) = preSolution
		HideSolutionNode = FALSE
	EndGlobalSection
	GlobalSection(ExtensibilityGlobals) = postSolution
		SolutionGuid = {25D63824-4121-4930-956B-933D52F87737}
	EndGlobalSection
EndGlobal
